// !$*UTF8*$!
{
	archiveVersion = 1;
	classes = {
	};
	objectVersion = 46;
	objects = {

/* Begin PBXBuildFile section */
		70719DC81D600B5500CC58AA /* AppDelegate.swift in Sources */ = {isa = PBXBuildFile; fileRef = 70719DC71D600B5500CC58AA /* AppDelegate.swift */; };
		70719DCA1D600B5500CC58AA /* ViewController.swift in Sources */ = {isa = PBXBuildFile; fileRef = 70719DC91D600B5500CC58AA /* ViewController.swift */; };
		70719DCD1D600B5500CC58AA /* Main.storyboard in Resources */ = {isa = PBXBuildFile; fileRef = 70719DCB1D600B5500CC58AA /* Main.storyboard */; };
		70719DCF1D600B5500CC58AA /* Assets.xcassets in Resources */ = {isa = PBXBuildFile; fileRef = 70719DCE1D600B5500CC58AA /* Assets.xcassets */; };
		70719DD21D600B5500CC58AA /* LaunchScreen.storyboard in Resources */ = {isa = PBXBuildFile; fileRef = 70719DD01D600B5500CC58AA /* LaunchScreen.storyboard */; };
		70719DDA1D600BD600CC58AA /* music.mp3 in Resources */ = {isa = PBXBuildFile; fileRef = 70719DD91D600BD600CC58AA /* music.mp3 */; };
		70719DDC1D600DFF00CC58AA /* pokemon.csv in Resources */ = {isa = PBXBuildFile; fileRef = 70719DDB1D600DFF00CC58AA /* pokemon.csv */; };
		70719DDF1D600F5200CC58AA /* Pokemon.swift in Sources */ = {isa = PBXBuildFile; fileRef = 70719DDE1D600F5200CC58AA /* Pokemon.swift */; };
		70719DE21D60182200CC58AA /* PokeCell.swift in Sources */ = {isa = PBXBuildFile; fileRef = 70719DE11D60182200CC58AA /* PokeCell.swift */; };
		70719DE41D60BB3200CC58AA /* csv.swift in Sources */ = {isa = PBXBuildFile; fileRef = 70719DE31D60BB3200CC58AA /* csv.swift */; };
		70719DE91D60C64E00CC58AA /* Pokemon.ttf in Resources */ = {isa = PBXBuildFile; fileRef = 70719DE81D60C64E00CC58AA /* Pokemon.ttf */; };
		70719DEB1D60DB9C00CC58AA /* PokemonDetailVC.swift in Sources */ = {isa = PBXBuildFile; fileRef = 70719DEA1D60DB9C00CC58AA /* PokemonDetailVC.swift */; };
		70F57E9D1D621D4100F9E6A3 /* Constants.swift in Sources */ = {isa = PBXBuildFile; fileRef = 70F57E9C1D621D4100F9E6A3 /* Constants.swift */; };
		DB43B61AA5DD22BFCB2A2B8B /* Pods_Pokedex.framework in Frameworks */ = {isa = PBXBuildFile; fileRef = AAAF5834B9D6605CE1F5FAD6 /* Pods_Pokedex.framework */; };
/* End PBXBuildFile section */

/* Begin PBXFileReference section */
		70719DC41D600B5500CC58AA /* Pokedex.app */ = {isa = PBXFileReference; explicitFileType = wrapper.application; includeInIndex = 0; path = Pokedex.app; sourceTree = BUILT_PRODUCTS_DIR; };
		70719DC71D600B5500CC58AA /* AppDelegate.swift */ = {isa = PBXFileReference; lastKnownFileType = sourcecode.swift; path = AppDelegate.swift; sourceTree = "<group>"; };
		70719DC91D600B5500CC58AA /* ViewController.swift */ = {isa = PBXFileReference; lastKnownFileType = sourcecode.swift; path = ViewController.swift; sourceTree = "<group>"; };
		70719DCC1D600B5500CC58AA /* Base */ = {isa = PBXFileReference; lastKnownFileType = file.storyboard; name = Base; path = Base.lproj/Main.storyboard; sourceTree = "<group>"; };
		70719DCE1D600B5500CC58AA /* Assets.xcassets */ = {isa = PBXFileReference; lastKnownFileType = folder.assetcatalog; path = Assets.xcassets; sourceTree = "<group>"; };
		70719DD11D600B5500CC58AA /* Base */ = {isa = PBXFileReference; lastKnownFileType = file.storyboard; name = Base; path = Base.lproj/LaunchScreen.storyboard; sourceTree = "<group>"; };
		70719DD31D600B5500CC58AA /* Info.plist */ = {isa = PBXFileReference; lastKnownFileType = text.plist.xml; path = Info.plist; sourceTree = "<group>"; };
		70719DD91D600BD600CC58AA /* music.mp3 */ = {isa = PBXFileReference; lastKnownFileType = audio.mp3; path = music.mp3; sourceTree = "<group>"; };
		70719DDB1D600DFF00CC58AA /* pokemon.csv */ = {isa = PBXFileReference; fileEncoding = 4; lastKnownFileType = text; path = pokemon.csv; sourceTree = "<group>"; };
		70719DDE1D600F5200CC58AA /* Pokemon.swift */ = {isa = PBXFileReference; fileEncoding = 4; lastKnownFileType = sourcecode.swift; path = Pokemon.swift; sourceTree = "<group>"; };
		70719DE11D60182200CC58AA /* PokeCell.swift */ = {isa = PBXFileReference; fileEncoding = 4; lastKnownFileType = sourcecode.swift; path = PokeCell.swift; sourceTree = "<group>"; };
		70719DE31D60BB3200CC58AA /* csv.swift */ = {isa = PBXFileReference; fileEncoding = 4; lastKnownFileType = sourcecode.swift; path = csv.swift; sourceTree = "<group>"; };
		70719DE81D60C64E00CC58AA /* Pokemon.ttf */ = {isa = PBXFileReference; lastKnownFileType = file; path = Pokemon.ttf; sourceTree = "<group>"; };
		70719DEA1D60DB9C00CC58AA /* PokemonDetailVC.swift */ = {isa = PBXFileReference; fileEncoding = 4; lastKnownFileType = sourcecode.swift; path = PokemonDetailVC.swift; sourceTree = "<group>"; };
		70F57E9C1D621D4100F9E6A3 /* Constants.swift */ = {isa = PBXFileReference; fileEncoding = 4; lastKnownFileType = sourcecode.swift; path = Constants.swift; sourceTree = "<group>"; };
		710DD180D55AA6151683A895 /* Pods-Pokedex.release.xcconfig */ = {isa = PBXFileReference; includeInIndex = 1; lastKnownFileType = text.xcconfig; name = "Pods-Pokedex.release.xcconfig"; path = "Pods/Target Support Files/Pods-Pokedex/Pods-Pokedex.release.xcconfig"; sourceTree = "<group>"; };
		AAAF5834B9D6605CE1F5FAD6 /* Pods_Pokedex.framework */ = {isa = PBXFileReference; explicitFileType = wrapper.framework; includeInIndex = 0; path = Pods_Pokedex.framework; sourceTree = BUILT_PRODUCTS_DIR; };
		D908559E6BE5E78AF0393BB9 /* Pods-Pokedex.debug.xcconfig */ = {isa = PBXFileReference; includeInIndex = 1; lastKnownFileType = text.xcconfig; name = "Pods-Pokedex.debug.xcconfig"; path = "Pods/Target Support Files/Pods-Pokedex/Pods-Pokedex.debug.xcconfig"; sourceTree = "<group>"; };
/* End PBXFileReference section */

/* Begin PBXFrameworksBuildPhase section */
		70719DC11D600B5500CC58AA /* Frameworks */ = {
			isa = PBXFrameworksBuildPhase;
			buildActionMask = 2147483647;
			files = (
				DB43B61AA5DD22BFCB2A2B8B /* Pods_Pokedex.framework in Frameworks */,
			);
			runOnlyForDeploymentPostprocessing = 0;
		};
/* End PBXFrameworksBuildPhase section */

/* Begin PBXGroup section */
		70719DBB1D600B5500CC58AA = {
			isa = PBXGroup;
			children = (
				70719DC61D600B5500CC58AA /* Pokedex */,
				70719DC51D600B5500CC58AA /* Products */,
				B3CA51F9315D5C2DA9A638D6 /* Pods */,
				9421EC90CDBF88E168CA7A79 /* Frameworks */,
			);
			sourceTree = "<group>";
		};
		70719DC51D600B5500CC58AA /* Products */ = {
			isa = PBXGroup;
			children = (
				70719DC41D600B5500CC58AA /* Pokedex.app */,
			);
			name = Products;
			sourceTree = "<group>";
		};
		70719DC61D600B5500CC58AA /* Pokedex */ = {
			isa = PBXGroup;
			children = (
				70719DE71D60BBA900CC58AA /* Resources */,
				70719DDD1D600F3E00CC58AA /* Model */,
				70719DE01D6017EE00CC58AA /* View */,
				70719DE61D60BB8B00CC58AA /* Controller */,
				70719DE51D60BB7100CC58AA /* Util */,
				70719DC71D600B5500CC58AA /* AppDelegate.swift */,
				70719DD31D600B5500CC58AA /* Info.plist */,
			);
			path = Pokedex;
			sourceTree = "<group>";
		};
		70719DDD1D600F3E00CC58AA /* Model */ = {
			isa = PBXGroup;
			children = (
				70719DDE1D600F5200CC58AA /* Pokemon.swift */,
				70719DCE1D600B5500CC58AA /* Assets.xcassets */,
			);
			name = Model;
			sourceTree = "<group>";
		};
		70719DE01D6017EE00CC58AA /* View */ = {
			isa = PBXGroup;
			children = (
				70719DCB1D600B5500CC58AA /* Main.storyboard */,
				70719DD01D600B5500CC58AA /* LaunchScreen.storyboard */,
			);
			name = View;
			sourceTree = "<group>";
		};
		70719DE51D60BB7100CC58AA /* Util */ = {
			isa = PBXGroup;
			children = (
				70719DE31D60BB3200CC58AA /* csv.swift */,
				70F57E9C1D621D4100F9E6A3 /* Constants.swift */,
			);
			name = Util;
			sourceTree = "<group>";
		};
		70719DE61D60BB8B00CC58AA /* Controller */ = {
			isa = PBXGroup;
			children = (
				70719DE11D60182200CC58AA /* PokeCell.swift */,
				70719DC91D600B5500CC58AA /* ViewController.swift */,
				70719DEA1D60DB9C00CC58AA /* PokemonDetailVC.swift */,
			);
			name = Controller;
			sourceTree = "<group>";
		};
		70719DE71D60BBA900CC58AA /* Resources */ = {
			isa = PBXGroup;
			children = (
				70719DDB1D600DFF00CC58AA /* pokemon.csv */,
				70719DE81D60C64E00CC58AA /* Pokemon.ttf */,
				70719DD91D600BD600CC58AA /* music.mp3 */,
			);
			name = Resources;
			sourceTree = "<group>";
		};
		9421EC90CDBF88E168CA7A79 /* Frameworks */ = {
			isa = PBXGroup;
			children = (
				AAAF5834B9D6605CE1F5FAD6 /* Pods_Pokedex.framework */,
			);
			name = Frameworks;
			sourceTree = "<group>";
		};
		B3CA51F9315D5C2DA9A638D6 /* Pods */ = {
			isa = PBXGroup;
			children = (
				D908559E6BE5E78AF0393BB9 /* Pods-Pokedex.debug.xcconfig */,
				710DD180D55AA6151683A895 /* Pods-Pokedex.release.xcconfig */,
			);
			name = Pods;
			sourceTree = "<group>";
		};
/* End PBXGroup section */

/* Begin PBXNativeTarget section */
		70719DC31D600B5500CC58AA /* Pokedex */ = {
			isa = PBXNativeTarget;
			buildConfigurationList = 70719DD61D600B5500CC58AA /* Build configuration list for PBXNativeTarget "Pokedex" */;
			buildPhases = (
				50691CE23B4F5FBB8D29C0C3 /* [CP] Check Pods Manifest.lock */,
				70719DC01D600B5500CC58AA /* Sources */,
				70719DC11D600B5500CC58AA /* Frameworks */,
				70719DC21D600B5500CC58AA /* Resources */,
				48EA9360B48BE8C3D0940930 /* [CP] Embed Pods Frameworks */,
				2E6669ABD5C2D996FEC0339F /* [CP] Copy Pods Resources */,
			);
			buildRules = (
			);
			dependencies = (
			);
			name = Pokedex;
			productName = Pokedex;
			productReference = 70719DC41D600B5500CC58AA /* Pokedex.app */;
			productType = "com.apple.product-type.application";
		};
/* End PBXNativeTarget section */

/* Begin PBXProject section */
		70719DBC1D600B5500CC58AA /* Project object */ = {
			isa = PBXProject;
			attributes = {
				LastSwiftUpdateCheck = 0730;
				LastUpgradeCheck = 0730;
				ORGANIZATIONNAME = "Alberto Hirota";
				TargetAttributes = {
					70719DC31D600B5500CC58AA = {
						CreatedOnToolsVersion = 7.3.1;
					};
				};
			};
			buildConfigurationList = 70719DBF1D600B5500CC58AA /* Build configuration list for PBXProject "Pokedex" */;
			compatibilityVersion = "Xcode 3.2";
			developmentRegion = English;
			hasScannedForEncodings = 0;
			knownRegions = (
				en,
				Base,
			);
			mainGroup = 70719DBB1D600B5500CC58AA;
			productRefGroup = 70719DC51D600B5500CC58AA /* Products */;
			projectDirPath = "";
			projectRoot = "";
			targets = (
				70719DC31D600B5500CC58AA /* Pokedex */,
			);
		};
/* End PBXProject section */

/* Begin PBXResourcesBuildPhase section */
		70719DC21D600B5500CC58AA /* Resources */ = {
			isa = PBXResourcesBuildPhase;
			buildActionMask = 2147483647;
			files = (
				70719DDA1D600BD600CC58AA /* music.mp3 in Resources */,
				70719DD21D600B5500CC58AA /* LaunchScreen.storyboard in Resources */,
				70719DCF1D600B5500CC58AA /* Assets.xcassets in Resources */,
				70719DCD1D600B5500CC58AA /* Main.storyboard in Resources */,
				70719DE91D60C64E00CC58AA /* Pokemon.ttf in Resources */,
				70719DDC1D600DFF00CC58AA /* pokemon.csv in Resources */,
			);
			runOnlyForDeploymentPostprocessing = 0;
		};
/* End PBXResourcesBuildPhase section */

/* Begin PBXShellScriptBuildPhase section */
		2E6669ABD5C2D996FEC0339F /* [CP] Copy Pods Resources */ = {
			isa = PBXShellScriptBuildPhase;
			buildActionMask = 2147483647;
			files = (
			);
			inputPaths = (
			);
			name = "[CP] Copy Pods Resources";
			outputPaths = (
			);
			runOnlyForDeploymentPostprocessing = 0;
			shellPath = /bin/sh;
			shellScript = "\"${SRCROOT}/Pods/Target Support Files/Pods-Pokedex/Pods-Pokedex-resources.sh\"\n";
			showEnvVarsInLog = 0;
		};
		48EA9360B48BE8C3D0940930 /* [CP] Embed Pods Frameworks */ = {
			isa = PBXShellScriptBuildPhase;
			buildActionMask = 2147483647;
			files = (
			);
			inputPaths = (
			);
			name = "[CP] Embed Pods Frameworks";
			outputPaths = (
			);
			runOnlyForDeploymentPostprocessing = 0;
			shellPath = /bin/sh;
			shellScript = "\"${SRCROOT}/Pods/Target Support Files/Pods-Pokedex/Pods-Pokedex-frameworks.sh\"\n";
			showEnvVarsInLog = 0;
		};
		50691CE23B4F5FBB8D29C0C3 /* [CP] Check Pods Manifest.lock */ = {
			isa = PBXShellScriptBuildPhase;
			buildActionMask = 2147483647;
			files = (
			);
			inputPaths = (
			);
			name = "[CP] Check Pods Manifest.lock";
			outputPaths = (
			);
			runOnlyForDeploymentPostprocessing = 0;
			shellPath = /bin/sh;
			shellScript = "diff \"${PODS_ROOT}/../Podfile.lock\" \"${PODS_ROOT}/Manifest.lock\" > /dev/null\nif [[ $? != 0 ]] ; then\n    cat << EOM\nerror: The sandbox is not in sync with the Podfile.lock. Run 'pod install' or update your CocoaPods installation.\nEOM\n    exit 1\nfi\n";
			showEnvVarsInLog = 0;
		};
/* End PBXShellScriptBuildPhase section */

/* Begin PBXSourcesBuildPhase section */
		70719DC01D600B5500CC58AA /* Sources */ = {
			isa = PBXSourcesBuildPhase;
			buildActionMask = 2147483647;
			files = (
				70719DE21D60182200CC58AA /* PokeCell.swift in Sources */,
				70719DCA1D600B5500CC58AA /* ViewController.swift in Sources */,
				70719DC81D600B5500CC58AA /* AppDelegate.swift in Sources */,
				70719DEB1D60DB9C00CC58AA /* PokemonDetailVC.swift in Sources */,
				70F57E9D1D621D4100F9E6A3 /* Constants.swift in Sources */,
				70719DDF1D600F5200CC58AA /* Pokemon.swift in Sources */,
				70719DE41D60BB3200CC58AA /* csv.swift in Sources */,
			);
			runOnlyForDeploymentPostprocessing = 0;
		};
/* End PBXSourcesBuildPhase section */

/* Begin PBXVariantGroup section */
		70719DCB1D600B5500CC58AA /* Main.storyboard */ = {
			isa = PBXVariantGroup;
			children = (
				70719DCC1D600B5500CC58AA /* Base */,
			);
			name = Main.storyboard;
			sourceTree = "<group>";
		};
		70719DD01D600B5500CC58AA /* LaunchScreen.storyboard */ = {
			isa = PBXVariantGroup;
			children = (
				70719DD11D600B5500CC58AA /* Base */,
			);
			name = LaunchScreen.storyboard;
			sourceTree = "<group>";
		};
/* End PBXVariantGroup section */

/* Begin XCBuildConfiguration section */
		70719DD41D600B5500CC58AA /* Debug */ = {
			isa = XCBuildConfiguration;
			buildSettings = {
				ALWAYS_SEARCH_USER_PATHS = NO;
				CLANG_ANALYZER_NONNULL = YES;
				CLANG_CXX_LANGUAGE_STANDARD = "gnu++0x";
				CLANG_CXX_LIBRARY = "libc++";
				CLANG_ENABLE_MODULES = YES;
				CLANG_ENABLE_OBJC_ARC = YES;
				CLANG_WARN_BOOL_CONVERSION = YES;
				CLANG_WARN_CONSTANT_CONVERSION = YES;
				CLANG_WARN_DIRECT_OBJC_ISA_USAGE = YES_ERROR;
				CLANG_WARN_EMPTY_BODY = YES;
				CLANG_WARN_ENUM_CONVERSION = YES;
				CLANG_WARN_INT_CONVERSION = YES;
				CLANG_WARN_OBJC_ROOT_CLASS = YES_ERROR;
				CLANG_WARN_UNREACHABLE_CODE = YES;
				CLANG_WARN__DUPLICATE_METHOD_MATCH = YES;
				"CODE_SIGN_IDENTITY[sdk=iphoneos*]" = "iPhone Developer";
				COPY_PHASE_STRIP = NO;
				DEBUG_INFORMATION_FORMAT = dwarf;
				ENABLE_STRICT_OBJC_MSGSEND = YES;
				ENABLE_TESTABILITY = YES;
				GCC_C_LANGUAGE_STANDARD = gnu99;
				GCC_DYNAMIC_NO_PIC = NO;
				GCC_NO_COMMON_BLOCKS = YES;
				GCC_OPTIMIZATION_LEVEL = 0;
				GCC_PREPROCESSOR_DEFINITIONS = (
					"DEBUG=1",
					"$(inherited)",
				);
				GCC_WARN_64_TO_32_BIT_CONVERSION = YES;
				GCC_WARN_ABOUT_RETURN_TYPE = YES_ERROR;
				GCC_WARN_UNDECLARED_SELECTOR = YES;
				GCC_WARN_UNINITIALIZED_AUTOS = YES_AGGRESSIVE;
				GCC_WARN_UNUSED_FUNCTION = YES;
				GCC_WARN_UNUSED_VARIABLE = YES;
				IPHONEOS_DEPLOYMENT_TARGET = 9.3;
				MTL_ENABLE_DEBUG_INFO = YES;
				ONLY_ACTIVE_ARCH = YES;
				SDKROOT = iphoneos;
				SWIFT_OPTIMIZATION_LEVEL = "-Onone";
				TARGETED_DEVICE_FAMILY = "1,2";
			};
			name = Debug;
		};
		70719DD51D600B5500CC58AA /* Release */ = {
			isa = XCBuildConfiguration;
			buildSettings = {
				ALWAYS_SEARCH_USER_PATHS = NO;
				CLANG_ANALYZER_NONNULL = YES;
				CLANG_CXX_LANGUAGE_STANDARD = "gnu++0x";
				CLANG_CXX_LIBRARY = "libc++";
				CLANG_ENABLE_MODULES = YES;
				CLANG_ENABLE_OBJC_ARC = YES;
				CLANG_WARN_BOOL_CONVERSION = YES;
				CLANG_WARN_CONSTANT_CONVERSION = YES;
				CLANG_WARN_DIRECT_OBJC_ISA_USAGE = YES_ERROR;
				CLANG_WARN_EMPTY_BODY = YES;
				CLANG_WARN_ENUM_CONVERSION = YES;
				CLANG_WARN_INT_CONVERSION = YES;
				CLANG_WARN_OBJC_ROOT_CLASS = YES_ERROR;
				CLANG_WARN_UNREACHABLE_CODE = YES;
				CLANG_WARN__DUPLICATE_METHOD_MATCH = YES;
				"CODE_SIGN_IDENTITY[sdk=iphoneos*]" = "iPhone Developer";
				COPY_PHASE_STRIP = NO;
				DEBUG_INFORMATION_FORMAT = "dwarf-with-dsym";
				ENABLE_NS_ASSERTIONS = NO;
				ENABLE_STRICT_OBJC_MSGSEND = YES;
				GCC_C_LANGUAGE_STANDARD = gnu99;
				GCC_NO_COMMON_BLOCKS = YES;
				GCC_WARN_64_TO_32_BIT_CONVERSION = YES;
				GCC_WARN_ABOUT_RETURN_TYPE = YES_ERROR;
				GCC_WARN_UNDECLARED_SELECTOR = YES;
				GCC_WARN_UNINITIALIZED_AUTOS = YES_AGGRESSIVE;
				GCC_WARN_UNUSED_FUNCTION = YES;
				GCC_WARN_UNUSED_VARIABLE = YES;
				IPHONEOS_DEPLOYMENT_TARGET = 9.3;
				MTL_ENABLE_DEBUG_INFO = NO;
				SDKROOT = iphoneos;
				TARGETED_DEVICE_FAMILY = "1,2";
				VALIDATE_PRODUCT = YES;
			};
			name = Release;
		};
		70719DD71D600B5500CC58AA /* Debug */ = {
			isa = XCBuildConfiguration;
			baseConfigurationReference = D908559E6BE5E78AF0393BB9 /* Pods-Pokedex.debug.xcconfig */;
			buildSettings = {
				ASSETCATALOG_COMPILER_APPICON_NAME = AppIcon;
				INFOPLIST_FILE = Pokedex/Info.plist;
				LD_RUNPATH_SEARCH_PATHS = "$(inherited) @executable_path/Frameworks";
				PRODUCT_BUNDLE_IDENTIFIER = tests.ts.Pokedex;
				PRODUCT_NAME = "$(TARGET_NAME)";
			};
			name = Debug;
		};
		70719DD81D600B5500CC58AA /* Release */ = {
			isa = XCBuildConfiguration;
			baseConfigurationReference = 710DD180D55AA6151683A895 /* Pods-Pokedex.release.xcconfig */;
			buildSettings = {
				ASSETCATALOG_COMPILER_APPICON_NAME = AppIcon;
				INFOPLIST_FILE = Pokedex/Info.plist;
				LD_RUNPATH_SEARCH_PATHS = "$(inherited) @executable_path/Frameworks";
				PRODUCT_BUNDLE_IDENTIFIER = tests.ts.Pokedex;
				PRODUCT_NAME = "$(TARGET_NAME)";
			};
			name = Release;
		};
/* End XCBuildConfiguration section */

/* Begin XCConfigurationList section */
		70719DBF1D600B5500CC58AA /* Build configuration list for PBXProject "Pokedex" */ = {
			isa = XCConfigurationList;
			buildConfigurations = (
				70719DD41D600B5500CC58AA /* Debug */,
				70719DD51D600B5500CC58AA /* Release */,
			);
			defaultConfigurationIsVisible = 0;
			defaultConfigurationName = Release;
		};
		70719DD61D600B5500CC58AA /* Build configuration list for PBXNativeTarget "Pokedex" */ = {
			isa = XCConfigurationList;
			buildConfigurations = (
				70719DD71D600B5500CC58AA /* Debug */,
				70719DD81D600B5500CC58AA /* Release */,
			);
			defaultConfigurationIsVisible = 0;
			defaultConfigurationName = Release;
		};
/* End XCConfigurationList section */
	};
	rootObject = 70719DBC1D600B5500CC58AA /* Project object */;
}
